
Microsoft Visual Studio Solution File, Format Version 12.00
#
Project("{2150E333-8FDC-42A3-9474-1A3956D46DE8}") = "src", "src", "{218D01E7-B880-41FA-939B-9A8D60564227}"
EndProject
Project("{2150E333-8FDC-42A3-9474-1A3956D46DE8}") = "tests", "tests", "{C1AB2311-BBDA-47E6-8B43-16E25ED45469}"
EndProject
Project("{FAE04EC0-301F-11D3-BF4B-00C04F79EFBC}") = "Weather.Tracker.API", "src\Weather.Tracker.API\Weather.Tracker.API.csproj", "{B4C7D944-561C-4D6D-A032-6FF77FA70675}"
EndProject
Project("{FAE04EC0-301F-11D3-BF4B-00C04F79EFBC}") = "Weather.Tracker.Host", "src\Weather.Tracker.Host\Weather.Tracker.Host.csproj", "{8C77326C-4169-405B-86F9-8433E3E7CE6D}"
EndProject
Project("{FAE04EC0-301F-11D3-BF4B-00C04F79EFBC}") = "Weather.Tracker.Infrastructure", "src\Weather.Tracker.Infrastructure\Weather.Tracker.Infrastructure.csproj", "{6B216FD1-8DAF-498D-916C-22A148C45B7F}"
EndProject
Project("{FAE04EC0-301F-11D3-BF4B-00C04F79EFBC}") = "Weather.Tracker.SyncWorker", "src\Weather.Tracker.SyncWorker\Weather.Tracker.SyncWorker.csproj", "{4D37A77E-B127-4A42-84DF-D44D020EB9C4}"
EndProject
Project("{2150E333-8FDC-42A3-9474-1A3956D46DE8}") = "Items", "Items", "{7E1782B4-E93E-466D-A393-9AF9A19C2595}"
	ProjectSection(SolutionItems) = preProject
		Readme.md = Readme.md
	EndProjectSection
EndProject
Project("{FAE04EC0-301F-11D3-BF4B-00C04F79EFBC}") = "Weather.Tracker.Tests", "tests\Weather.Tracker.Tests\Weather.Tracker.Tests.csproj", "{1468C38E-AE4E-4EF5-B4CB-03419B452EAC}"
EndProject
Global
	GlobalSection(SolutionConfigurationPlatforms) = preSolution
		Debug|Any CPU = Debug|Any CPU
		Release|Any CPU = Release|Any CPU
	EndGlobalSection
	GlobalSection(ProjectConfigurationPlatforms) = postSolution
		{B4C7D944-561C-4D6D-A032-6FF77FA70675}.Debug|Any CPU.ActiveCfg = Debug|Any CPU
		{B4C7D944-561C-4D6D-A032-6FF77FA70675}.Debug|Any CPU.Build.0 = Debug|Any CPU
		{B4C7D944-561C-4D6D-A032-6FF77FA70675}.Release|Any CPU.ActiveCfg = Release|Any CPU
		{B4C7D944-561C-4D6D-A032-6FF77FA70675}.Release|Any CPU.Build.0 = Release|Any CPU
		{8C77326C-4169-405B-86F9-8433E3E7CE6D}.Debug|Any CPU.ActiveCfg = Debug|Any CPU
		{8C77326C-4169-405B-86F9-8433E3E7CE6D}.Debug|Any CPU.Build.0 = Debug|Any CPU
		{8C77326C-4169-405B-86F9-8433E3E7CE6D}.Release|Any CPU.ActiveCfg = Release|Any CPU
		{8C77326C-4169-405B-86F9-8433E3E7CE6D}.Release|Any CPU.Build.0 = Release|Any CPU
		{6B216FD1-8DAF-498D-916C-22A148C45B7F}.Debug|Any CPU.ActiveCfg = Debug|Any CPU
		{6B216FD1-8DAF-498D-916C-22A148C45B7F}.Debug|Any CPU.Build.0 = Debug|Any CPU
		{6B216FD1-8DAF-498D-916C-22A148C45B7F}.Release|Any CPU.ActiveCfg = Release|Any CPU
		{6B216FD1-8DAF-498D-916C-22A148C45B7F}.Release|Any CPU.Build.0 = Release|Any CPU
		{4D37A77E-B127-4A42-84DF-D44D020EB9C4}.Debug|Any CPU.ActiveCfg = Debug|Any CPU
		{4D37A77E-B127-4A42-84DF-D44D020EB9C4}.Debug|Any CPU.Build.0 = Debug|Any CPU
		{4D37A77E-B127-4A42-84DF-D44D020EB9C4}.Release|Any CPU.ActiveCfg = Release|Any CPU
		{4D37A77E-B127-4A42-84DF-D44D020EB9C4}.Release|Any CPU.Build.0 = Release|Any CPU
		{1468C38E-AE4E-4EF5-B4CB-03419B452EAC}.Debug|Any CPU.ActiveCfg = Debug|Any CPU
		{1468C38E-AE4E-4EF5-B4CB-03419B452EAC}.Debug|Any CPU.Build.0 = Debug|Any CPU
		{1468C38E-AE4E-4EF5-B4CB-03419B452EAC}.Release|Any CPU.ActiveCfg = Release|Any CPU
		{1468C38E-AE4E-4EF5-B4CB-03419B452EAC}.Release|Any CPU.Build.0 = Release|Any CPU
	EndGlobalSection
	GlobalSection(NestedProjects) = preSolution
		{B4C7D944-561C-4D6D-A032-6FF77FA70675} = {218D01E7-B880-41FA-939B-9A8D60564227}
		{8C77326C-4169-405B-86F9-8433E3E7CE6D} = {218D01E7-B880-41FA-939B-9A8D60564227}
		{6B216FD1-8DAF-498D-916C-22A148C45B7F} = {218D01E7-B880-41FA-939B-9A8D60564227}
		{4D37A77E-B127-4A42-84DF-D44D020EB9C4} = {218D01E7-B880-41FA-939B-9A8D60564227}
		{1468C38E-AE4E-4EF5-B4CB-03419B452EAC} = {C1AB2311-BBDA-47E6-8B43-16E25ED45469}
	EndGlobalSection
EndGlobal
